
Microsoft Visual Studio Solution File, Format Version 12.00
# Visual Studio Version 17
VisualStudioVersion = 17.5.33516.290
MinimumVisualStudioVersion = 10.0.40219.1
Project("{FAE04EC0-301F-11D3-BF4B-00C04F79EFBC}") = "UserNamePassword", "UserNamePassword\UserNamePassword.csproj", "{C7E7C9A8-82CF-4C8C-9750-5140E3FA9328}"
EndProject
Project("{FAE04EC0-301F-11D3-BF4B-00C04F79EFBC}") = "ConvertToBinary", "ConvertToBinary\ConvertToBinary.csproj", "{3C80C065-8736-40CE-884B-2E1542222111}"
EndProject
Project("{FAE04EC0-301F-11D3-BF4B-00C04F79EFBC}") = "Calculater", "Calculater\Calculater.csproj", "{5E350D05-A5A5-400F-9E76-F328068807C5}"
EndProject
Global
	GlobalSection(SolutionConfigurationPlatforms) = preSolution
		Debug|Any CPU = Debug|Any CPU
		Release|Any CPU = Release|Any CPU
	EndGlobalSection
	GlobalSection(ProjectConfigurationPlatforms) = postSolution
		{C7E7C9A8-82CF-4C8C-9750-5140E3FA9328}.Debug|Any CPU.ActiveCfg = Debug|Any CPU
		{C7E7C9A8-82CF-4C8C-9750-5140E3FA9328}.Debug|Any CPU.Build.0 = Debug|Any CPU
		{C7E7C9A8-82CF-4C8C-9750-5140E3FA9328}.Release|Any CPU.ActiveCfg = Release|Any CPU
		{C7E7C9A8-82CF-4C8C-9750-5140E3FA9328}.Release|Any CPU.Build.0 = Release|Any CPU
		{3C80C065-8736-40CE-884B-2E1542222111}.Debug|Any CPU.ActiveCfg = Debug|Any CPU
		{3C80C065-8736-40CE-884B-2E1542222111}.Debug|Any CPU.Build.0 = Debug|Any CPU
		{3C80C065-8736-40CE-884B-2E1542222111}.Release|Any CPU.ActiveCfg = Release|Any CPU
		{3C80C065-8736-40CE-884B-2E1542222111}.Release|Any CPU.Build.0 = Release|Any CPU
		{5E350D05-A5A5-400F-9E76-F328068807C5}.Debug|Any CPU.ActiveCfg = Debug|Any CPU
		{5E350D05-A5A5-400F-9E76-F328068807C5}.Debug|Any CPU.Build.0 = Debug|Any CPU
		{5E350D05-A5A5-400F-9E76-F328068807C5}.Release|Any CPU.ActiveCfg = Release|Any CPU
		{5E350D05-A5A5-400F-9E76-F328068807C5}.Release|Any CPU.Build.0 = Release|Any CPU
	EndGlobalSection
	GlobalSection(SolutionProperties) = preSolution
		HideSolutionNode = FALSE
	EndGlobalSection
	GlobalSection(ExtensibilityGlobals) = postSolution
		SolutionGuid = {35B9B33E-7119-44C3-A480-7BC84C7D3938}
	EndGlobalSection
EndGlobal
